
Microsoft Visual Studio Solution File, Format Version 12.00
# Visual Studio Version 16
VisualStudioVersion = 16.0.30406.217
MinimumVisualStudioVersion = 10.0.40219.1
Project("{2150E333-8FDC-42A3-9474-1A3956D46DE8}") = "src", "src", "{9409FF8B-97FF-4B87-9966-311F961E336D}"
EndProject
Project("{2150E333-8FDC-42A3-9474-1A3956D46DE8}") = "tests", "tests", "{50B9AF57-330C-44DD-B96E-DE8C2B9AEA24}"
EndProject
Project("{9A19103F-16F7-4668-BE54-9A1E7A4F7556}") = "Application", "src\Application\Application.csproj", "{D87EC241-018B-4FFB-A4AC-9F1C4C9CD6E1}"
EndProject
Project("{9A19103F-16F7-4668-BE54-9A1E7A4F7556}") = "Domain", "src\Domain\Domain.csproj", "{E14014A5-28C0-4FF9-8BDD-D5D6AD3DA6C2}"
EndProject
Project("{9A19103F-16F7-4668-BE54-9A1E7A4F7556}") = "Infrastructure", "src\Infrastructure\Infrastructure.csproj", "{4E4BF4E7-8FA8-4461-ACFA-228BB50A1A42}"
EndProject
Project("{9A19103F-16F7-4668-BE54-9A1E7A4F7556}") = "WebApi", "src\WebApi\WebApi.csproj", "{037687D5-909F-422C-B56C-B1DA2D5C6BBA}"
EndProject
Project("{9A19103F-16F7-4668-BE54-9A1E7A4F7556}") = "Application.IntegrationTests", "tests\Application.IntegrationTests\Application.IntegrationTests.csproj", "{022B9F0F-EA37-469D-A6B1-5580B49A98F6}"
EndProject
Project("{9A19103F-16F7-4668-BE54-9A1E7A4F7556}") = "Application.UnitTests", "tests\Application.UnitTests\Application.UnitTests.csproj", "{4BCC9018-F41E-44B9-BC89-F766F4805C42}"
EndProject
Project("{9A19103F-16F7-4668-BE54-9A1E7A4F7556}") = "Domain.UnitTests", "tests\Domain.UnitTests\Domain.UnitTests.csproj", "{CF04F250-69DD-42FD-86DC-75EBDA6A7A38}"
EndProject
Global
	GlobalSection(SolutionConfigurationPlatforms) = preSolution
		Debug|Any CPU = Debug|Any CPU
		Release|Any CPU = Release|Any CPU
	EndGlobalSection
	GlobalSection(ProjectConfigurationPlatforms) = postSolution
		{D87EC241-018B-4FFB-A4AC-9F1C4C9CD6E1}.Debug|Any CPU.ActiveCfg = Debug|Any CPU
		{D87EC241-018B-4FFB-A4AC-9F1C4C9CD6E1}.Debug|Any CPU.Build.0 = Debug|Any CPU
		{D87EC241-018B-4FFB-A4AC-9F1C4C9CD6E1}.Release|Any CPU.ActiveCfg = Release|Any CPU
		{D87EC241-018B-4FFB-A4AC-9F1C4C9CD6E1}.Release|Any CPU.Build.0 = Release|Any CPU
		{E14014A5-28C0-4FF9-8BDD-D5D6AD3DA6C2}.Debug|Any CPU.ActiveCfg = Debug|Any CPU
		{E14014A5-28C0-4FF9-8BDD-D5D6AD3DA6C2}.Debug|Any CPU.Build.0 = Debug|Any CPU
		{E14014A5-28C0-4FF9-8BDD-D5D6AD3DA6C2}.Release|Any CPU.ActiveCfg = Release|Any CPU
		{E14014A5-28C0-4FF9-8BDD-D5D6AD3DA6C2}.Release|Any CPU.Build.0 = Release|Any CPU
		{4E4BF4E7-8FA8-4461-ACFA-228BB50A1A42}.Debug|Any CPU.ActiveCfg = Debug|Any CPU
		{4E4BF4E7-8FA8-4461-ACFA-228BB50A1A42}.Debug|Any CPU.Build.0 = Debug|Any CPU
		{4E4BF4E7-8FA8-4461-ACFA-228BB50A1A42}.Release|Any CPU.ActiveCfg = Release|Any CPU
		{4E4BF4E7-8FA8-4461-ACFA-228BB50A1A42}.Release|Any CPU.Build.0 = Release|Any CPU
		{037687D5-909F-422C-B56C-B1DA2D5C6BBA}.Debug|Any CPU.ActiveCfg = Debug|Any CPU
		{037687D5-909F-422C-B56C-B1DA2D5C6BBA}.Debug|Any CPU.Build.0 = Debug|Any CPU
		{037687D5-909F-422C-B56C-B1DA2D5C6BBA}.Release|Any CPU.ActiveCfg = Release|Any CPU
		{037687D5-909F-422C-B56C-B1DA2D5C6BBA}.Release|Any CPU.Build.0 = Release|Any CPU
		{022B9F0F-EA37-469D-A6B1-5580B49A98F6}.Debug|Any CPU.ActiveCfg = Debug|Any CPU
		{022B9F0F-EA37-469D-A6B1-5580B49A98F6}.Debug|Any CPU.Build.0 = Debug|Any CPU
		{022B9F0F-EA37-469D-A6B1-5580B49A98F6}.Release|Any CPU.ActiveCfg = Release|Any CPU
		{022B9F0F-EA37-469D-A6B1-5580B49A98F6}.Release|Any CPU.Build.0 = Release|Any CPU
		{4BCC9018-F41E-44B9-BC89-F766F4805C42}.Debug|Any CPU.ActiveCfg = Debug|Any CPU
		{4BCC9018-F41E-44B9-BC89-F766F4805C42}.Debug|Any CPU.Build.0 = Debug|Any CPU
		{4BCC9018-F41E-44B9-BC89-F766F4805C42}.Release|Any CPU.ActiveCfg = Release|Any CPU
		{4BCC9018-F41E-44B9-BC89-F766F4805C42}.Release|Any CPU.Build.0 = Release|Any CPU
		{CF04F250-69DD-42FD-86DC-75EBDA6A7A38}.Debug|Any CPU.ActiveCfg = Debug|Any CPU
		{CF04F250-69DD-42FD-86DC-75EBDA6A7A38}.Debug|Any CPU.Build.0 = Debug|Any CPU
		{CF04F250-69DD-42FD-86DC-75EBDA6A7A38}.Release|Any CPU.ActiveCfg = Release|Any CPU
		{CF04F250-69DD-42FD-86DC-75EBDA6A7A38}.Release|Any CPU.Build.0 = Release|Any CPU
	EndGlobalSection
	GlobalSection(SolutionProperties) = preSolution
		HideSolutionNode = FALSE
	EndGlobalSection
	GlobalSection(NestedProjects) = preSolution
		{D87EC241-018B-4FFB-A4AC-9F1C4C9CD6E1} = {9409FF8B-97FF-4B87-9966-311F961E336D}
		{E14014A5-28C0-4FF9-8BDD-D5D6AD3DA6C2} = {9409FF8B-97FF-4B87-9966-311F961E336D}
		{4E4BF4E7-8FA8-4461-ACFA-228BB50A1A42} = {9409FF8B-97FF-4B87-9966-311F961E336D}
		{037687D5-909F-422C-B56C-B1DA2D5C6BBA} = {9409FF8B-97FF-4B87-9966-311F961E336D}
		{022B9F0F-EA37-469D-A6B1-5580B49A98F6} = {50B9AF57-330C-44DD-B96E-DE8C2B9AEA24}
		{4BCC9018-F41E-44B9-BC89-F766F4805C42} = {50B9AF57-330C-44DD-B96E-DE8C2B9AEA24}
		{CF04F250-69DD-42FD-86DC-75EBDA6A7A38} = {50B9AF57-330C-44DD-B96E-DE8C2B9AEA24}
	EndGlobalSection
	GlobalSection(ExtensibilityGlobals) = postSolution
		SolutionGuid = {89C915A9-570E-4BCA-AD2D-2D1085410506}
	EndGlobalSection
EndGlobal
